{
    "version": 3,
    "terraform_version": "0.11.11",
    "serial": 1,
    "lineage": "1293c545-0cee-9406-fbbe-178b458e521e",
    "modules": [
        {
            "path": [
                "root"
            ],
            "outputs": {},
            "resources": {
                "aws_instance.web": {
                    "type": "aws_instance",
                    "depends_on": [
                        "aws_key_pair.deployer",
                        "data.aws_ami.ubuntu"
                    ],
                    "primary": {
                        "id": "i-0fdd1fd3d44a07e82",
                        "attributes": {
                            "ami": "ami-005af4c3162f495fa",
                            "arn": "arn:aws:ec2:eu-west-1:361267222390:instance/i-0fdd1fd3d44a07e82",
                            "associate_public_ip_address": "true",
                            "availability_zone": "eu-west-1a",
                            "cpu_core_count": "1",
                            "cpu_threads_per_core": "1",
                            "credit_specification.#": "1",
                            "credit_specification.0.cpu_credits": "standard",
                            "disable_api_termination": "false",
                            "ebs_block_device.#": "0",
                            "ebs_optimized": "false",
                            "ephemeral_block_device.#": "0",
                            "get_password_data": "false",
                            "hibernation": "false",
                            "iam_instance_profile": "",
                            "id": "i-0fdd1fd3d44a07e82",
                            "instance_state": "running",
                            "instance_type": "t2.micro",
                            "ipv6_address_count": "0",
                            "ipv6_addresses.#": "0",
                            "key_name": "deployer-key",
                            "metadata_options.#": "1",
                            "metadata_options.0.http_endpoint": "enabled",
                            "metadata_options.0.http_put_response_hop_limit": "1",
                            "metadata_options.0.http_tokens": "optional",
                            "monitoring": "false",
                            "network_interface.#": "0",
                            "outpost_arn": "",
                            "password_data": "",
                            "placement_group": "",
                            "primary_network_interface_id": "eni-0d5253a464ca548a2",
                            "private_dns": "ip-172-31-37-218.eu-west-1.compute.internal",
                            "private_ip": "172.31.37.218",
                            "public_dns": "ec2-3-250-49-0.eu-west-1.compute.amazonaws.com",
                            "public_ip": "3.250.49.0",
                            "root_block_device.#": "1",
                            "root_block_device.0.delete_on_termination": "true",
                            "root_block_device.0.device_name": "/dev/sda1",
                            "root_block_device.0.encrypted": "false",
                            "root_block_device.0.iops": "100",
                            "root_block_device.0.kms_key_id": "",
                            "root_block_device.0.volume_id": "vol-08fc7243c6e9240e3",
                            "root_block_device.0.volume_size": "8",
                            "root_block_device.0.volume_type": "gp2",
                            "security_groups.#": "1",
                            "security_groups.3814588639": "default",
                            "source_dest_check": "true",
                            "subnet_id": "subnet-3ef89064",
                            "tags.%": "1",
                            "tags.Name": "tp-terraform-test",
                            "tenancy": "default",
                            "volume_tags.%": "0",
                            "vpc_security_group_ids.#": "1",
                            "vpc_security_group_ids.3190726624": "sg-e8e9e8a9"
                        },
                        "meta": {
                            "e2bfb730-ecaa-11e6-8f88-34363bc7c4c0": {
                                "create": 600000000000,
                                "delete": 1200000000000,
                                "update": 600000000000
                            },
                            "schema_version": "1"
                        },
                        "tainted": false
                    },
                    "deposed": [],
                    "provider": "provider.aws"
                },
                "aws_key_pair.deployer": {
                    "type": "aws_key_pair",
                    "depends_on": [],
                    "primary": {
                        "id": "deployer-key",
                        "attributes": {
                            "fingerprint": "61:b7:f1:50:b2:5f:1e:1d:df:71:f0:17:86:6f:b7:da",
                            "id": "deployer-key",
                            "key_name": "deployer-key",
                            "key_pair_id": "key-07a9c4d3043324ab9",
                            "public_key": "ssh-rsa AAAAB3NzaC1yc2EAAAADAQABAAACAQDIERFBHCauRveovZ9qkeWV8iMGbuideFj/VqQD4mO0CoU9waWkTkYJKiQxEXz3fea2+MlMWCYi0H7FgyZjzPZvzXBz/yOmEnFoQ/oz4Q1EPw8yCB1za0Wh9pwavu2YIcnA3oQ0tlxswLADHrf8MO260LV3F0eU6j+V5VXr+0PW7jngPstRibqN4c0o+WvB+1cJ6rcqdrNEfhxcwz7Tq0vVdwYCFnyyEcczrqjmhjCJBeshblgC3dbkzu9Qp3dAEm5vHnzKOrOpiotsUR4IXzdY6EZoBJxHrefpvVzBztlTSCW+8Q0a8BwBy2JcWqBqtWWznjLlMM4aeaKgViRe3AQcCCgBEVnp9XflSijhMiFfQ6/ffuc5ZCNCyzt2jNHsB7ujCM5stNtAVVjlTMLSGSOTIlNL8AGaEOaq/No93DtKKJ668yIASiCPTNDUlp4iZ3aaFKkdd3GmGsGE2CkTl42wJ3DL837mUPgmMN9qyzNT7E2mi3HXXtkd2NWcD4t3i5cv2UamLMsP+1K8VjC8oWDavjBuIFnrmxDfpbTcYDHHUs48IwTaSwssZPOSpAYG7iNTP59R8mNTR6u4WIYW83gQTnouxnjXIuRhGKQrOjv5h6svgR12rVTNMD5LfEQFuZmwvm53u/snLogCddq/gsPZmZRt8hS4uNKM6MrPkU7nzQ== aittirite.soufian@gmail.com",
                            "tags.%": "0"
                        },
                        "meta": {
                            "schema_version": "1"
                        },
                        "tainted": false
                    },
                    "deposed": [],
                    "provider": "provider.aws"
                },
                "data.aws_ami.ubuntu": {
                    "type": "aws_ami",
                    "depends_on": [],
                    "primary": {
                        "id": "ami-005af4c3162f495fa",
                        "attributes": {
                            "architecture": "x86_64",
                            "block_device_mappings.#": "3",
                            "block_device_mappings.1634610537.device_name": "/dev/sdb",
                            "block_device_mappings.1634610537.ebs.%": "0",
                            "block_device_mappings.1634610537.no_device": "",
                            "block_device_mappings.1634610537.virtual_name": "ephemeral0",
                            "block_device_mappings.2547816212.device_name": "/dev/sda1",
                            "block_device_mappings.2547816212.ebs.%": "6",
                            "block_device_mappings.2547816212.ebs.delete_on_termination": "true",
                            "block_device_mappings.2547816212.ebs.encrypted": "false",
                            "block_device_mappings.2547816212.ebs.iops": "0",
                            "block_device_mappings.2547816212.ebs.snapshot_id": "snap-0aa939e1d633aeeb1",
                            "block_device_mappings.2547816212.ebs.volume_size": "8",
                            "block_device_mappings.2547816212.ebs.volume_type": "gp2",
                            "block_device_mappings.2547816212.no_device": "",
                            "block_device_mappings.2547816212.virtual_name": "",
                            "block_device_mappings.3850042718.device_name": "/dev/sdc",
                            "block_device_mappings.3850042718.ebs.%": "0",
                            "block_device_mappings.3850042718.no_device": "",
                            "block_device_mappings.3850042718.virtual_name": "ephemeral1",
                            "creation_date": "2019-11-11T13:12:38.000Z",
                            "description": "Canonical, Ubuntu, 14.04 LTS, amd64 trusty image build on 2019-11-07",
                            "filter.#": "2",
                            "filter.4182425345.name": "name",
                            "filter.4182425345.values.#": "1",
                            "filter.4182425345.values.0": "ubuntu/images/hvm-ssd/ubuntu-trusty-14.04-amd64-server-*",
                            "filter.490168357.name": "virtualization-type",
                            "filter.490168357.values.#": "1",
                            "filter.490168357.values.0": "hvm",
                            "hypervisor": "xen",
                            "id": "ami-005af4c3162f495fa",
                            "image_id": "ami-005af4c3162f495fa",
                            "image_location": "099720109477/ubuntu/images/hvm-ssd/ubuntu-trusty-14.04-amd64-server-20191107",
                            "image_type": "machine",
                            "most_recent": "true",
                            "name": "ubuntu/images/hvm-ssd/ubuntu-trusty-14.04-amd64-server-20191107",
                            "owner_id": "099720109477",
                            "owners.#": "1",
                            "owners.0": "099720109477",
                            "product_codes.#": "0",
                            "public": "true",
                            "root_device_name": "/dev/sda1",
                            "root_device_type": "ebs",
                            "root_snapshot_id": "snap-0aa939e1d633aeeb1",
                            "sriov_net_support": "simple",
                            "state": "available",
                            "state_reason.%": "2",
                            "state_reason.code": "UNSET",
                            "state_reason.message": "UNSET",
                            "tags.%": "0",
                            "virtualization_type": "hvm"
                        },
                        "meta": {},
                        "tainted": false
                    },
                    "deposed": [],
                    "provider": "provider.aws"
                }
            },
            "depends_on": []
        }
    ]
}
